
Microsoft Visual Studio Solution File, Format Version 12.00
# Visual Studio Version 17
VisualStudioVersion = 17.1.32421.90
MinimumVisualStudioVersion = 10.0.40219.1
Project("{FAE04EC0-301F-11D3-BF4B-00C04F79EFBC}") = "ContactForm.Web", "ContactForm.Web\ContactForm.Web.csproj", "{F753D775-B3AF-45C0-8CC6-C16D1AAFE3CE}"
EndProject
Project("{FAE04EC0-301F-11D3-BF4B-00C04F79EFBC}") = "ContactForm.Tests", "ContactForm.Tests\ContactForm.Tests.csproj", "{1C2AB90A-73D6-4411-B3AB-D5353200E428}"
EndProject
Global
	GlobalSection(SolutionConfigurationPlatforms) = preSolution
		Debug|Any CPU = Debug|Any CPU
		Debug|x64 = Debug|x64
		Debug|x86 = Debug|x86
		Release|Any CPU = Release|Any CPU
		Release|x64 = Release|x64
		Release|x86 = Release|x86
	EndGlobalSection
	GlobalSection(ProjectConfigurationPlatforms) = postSolution
		{F753D775-B3AF-45C0-8CC6-C16D1AAFE3CE}.Debug|Any CPU.ActiveCfg = Debug|Any CPU
		{F753D775-B3AF-45C0-8CC6-C16D1AAFE3CE}.Debug|Any CPU.Build.0 = Debug|Any CPU
		{F753D775-B3AF-45C0-8CC6-C16D1AAFE3CE}.Debug|x64.ActiveCfg = Debug|Any CPU
		{F753D775-B3AF-45C0-8CC6-C16D1AAFE3CE}.Debug|x64.Build.0 = Debug|Any CPU
		{F753D775-B3AF-45C0-8CC6-C16D1AAFE3CE}.Debug|x86.ActiveCfg = Debug|Any CPU
		{F753D775-B3AF-45C0-8CC6-C16D1AAFE3CE}.Debug|x86.Build.0 = Debug|Any CPU
		{F753D775-B3AF-45C0-8CC6-C16D1AAFE3CE}.Release|Any CPU.ActiveCfg = Release|Any CPU
		{F753D775-B3AF-45C0-8CC6-C16D1AAFE3CE}.Release|Any CPU.Build.0 = Release|Any CPU
		{F753D775-B3AF-45C0-8CC6-C16D1AAFE3CE}.Release|x64.ActiveCfg = Release|Any CPU
		{F753D775-B3AF-45C0-8CC6-C16D1AAFE3CE}.Release|x64.Build.0 = Release|Any CPU
		{F753D775-B3AF-45C0-8CC6-C16D1AAFE3CE}.Release|x86.ActiveCfg = Release|Any CPU
		{F753D775-B3AF-45C0-8CC6-C16D1AAFE3CE}.Release|x86.Build.0 = Release|Any CPU
		{1C2AB90A-73D6-4411-B3AB-D5353200E428}.Debug|Any CPU.ActiveCfg = Debug|Any CPU
		{1C2AB90A-73D6-4411-B3AB-D5353200E428}.Debug|Any CPU.Build.0 = Debug|Any CPU
		{1C2AB90A-73D6-4411-B3AB-D5353200E428}.Debug|x64.ActiveCfg = Debug|Any CPU
		{1C2AB90A-73D6-4411-B3AB-D5353200E428}.Debug|x64.Build.0 = Debug|Any CPU
		{1C2AB90A-73D6-4411-B3AB-D5353200E428}.Debug|x86.ActiveCfg = Debug|Any CPU
		{1C2AB90A-73D6-4411-B3AB-D5353200E428}.Debug|x86.Build.0 = Debug|Any CPU
		{1C2AB90A-73D6-4411-B3AB-D5353200E428}.Release|Any CPU.ActiveCfg = Release|Any CPU
		{1C2AB90A-73D6-4411-B3AB-D5353200E428}.Release|Any CPU.Build.0 = Release|Any CPU
		{1C2AB90A-73D6-4411-B3AB-D5353200E428}.Release|x64.ActiveCfg = Release|Any CPU
		{1C2AB90A-73D6-4411-B3AB-D5353200E428}.Release|x64.Build.0 = Release|Any CPU
		{1C2AB90A-73D6-4411-B3AB-D5353200E428}.Release|x86.ActiveCfg = Release|Any CPU
		{1C2AB90A-73D6-4411-B3AB-D5353200E428}.Release|x86.Build.0 = Release|Any CPU
	EndGlobalSection
	GlobalSection(SolutionProperties) = preSolution
		HideSolutionNode = FALSE
	EndGlobalSection
	GlobalSection(ExtensibilityGlobals) = postSolution
		SolutionGuid = {D2719951-FD2E-46E8-96FE-A6C3B371240A}
	EndGlobalSection
EndGlobal
